
Microsoft Visual Studio Solution File, Format Version 12.00
# Visual Studio Version 17
VisualStudioVersion = 17.9.34728.123
MinimumVisualStudioVersion = 10.0.40219.1
Project("{FAE04EC0-301F-11D3-BF4B-00C04F79EFBC}") = "MindBox", "MindBox.csproj", "{42D96FD0-9AD1-4BA9-8EBF-6D514333DF07}"
EndProject
Project("{FAE04EC0-301F-11D3-BF4B-00C04F79EFBC}") = "FiguresAreas", "FiguresAreas\FiguresAreas.csproj", "{98139484-4B38-4E47-999E-7A4255E1D83A}"
EndProject
Project("{FAE04EC0-301F-11D3-BF4B-00C04F79EFBC}") = "FiguresAreas.Tests", "FiguresAreas.Tests\FiguresAreas.Tests.csproj", "{21779F7E-F1C1-4B0F-890F-4A492D6C4353}"
EndProject
Global
	GlobalSection(SolutionConfigurationPlatforms) = preSolution
		Debug|Any CPU = Debug|Any CPU
		Release|Any CPU = Release|Any CPU
	EndGlobalSection
	GlobalSection(ProjectConfigurationPlatforms) = postSolution
		{42D96FD0-9AD1-4BA9-8EBF-6D514333DF07}.Debug|Any CPU.ActiveCfg = Debug|Any CPU
		{42D96FD0-9AD1-4BA9-8EBF-6D514333DF07}.Debug|Any CPU.Build.0 = Debug|Any CPU
		{42D96FD0-9AD1-4BA9-8EBF-6D514333DF07}.Release|Any CPU.ActiveCfg = Release|Any CPU
		{42D96FD0-9AD1-4BA9-8EBF-6D514333DF07}.Release|Any CPU.Build.0 = Release|Any CPU
		{98139484-4B38-4E47-999E-7A4255E1D83A}.Debug|Any CPU.ActiveCfg = Debug|Any CPU
		{98139484-4B38-4E47-999E-7A4255E1D83A}.Debug|Any CPU.Build.0 = Debug|Any CPU
		{98139484-4B38-4E47-999E-7A4255E1D83A}.Release|Any CPU.ActiveCfg = Release|Any CPU
		{98139484-4B38-4E47-999E-7A4255E1D83A}.Release|Any CPU.Build.0 = Release|Any CPU
		{21779F7E-F1C1-4B0F-890F-4A492D6C4353}.Debug|Any CPU.ActiveCfg = Debug|Any CPU
		{21779F7E-F1C1-4B0F-890F-4A492D6C4353}.Debug|Any CPU.Build.0 = Debug|Any CPU
		{21779F7E-F1C1-4B0F-890F-4A492D6C4353}.Release|Any CPU.ActiveCfg = Release|Any CPU
		{21779F7E-F1C1-4B0F-890F-4A492D6C4353}.Release|Any CPU.Build.0 = Release|Any CPU
	EndGlobalSection
	GlobalSection(SolutionProperties) = preSolution
		HideSolutionNode = FALSE
	EndGlobalSection
	GlobalSection(ExtensibilityGlobals) = postSolution
		SolutionGuid = {C03EB4EA-51E4-4D2A-9801-BE51D176FCD1}
	EndGlobalSection
EndGlobal
